
Microsoft Visual Studio Solution File, Format Version 12.00
# Visual Studio Version 17
VisualStudioVersion = 17.4.33103.184
MinimumVisualStudioVersion = 10.0.40219.1
Project("{FAE04EC0-301F-11D3-BF4B-00C04F79EFBC}") = "test1", "test1\test1.csproj", "{14DDA0A2-FB4A-41DD-8636-CFB861F2ABCE}"
EndProject
Project("{FAE04EC0-301F-11D3-BF4B-00C04F79EFBC}") = "BioMetrixCore", "..\BioMatrix\BioMetrixCore\BioMetrixCore.csproj", "{8289D5D0-D505-4B81-B6B9-D57D05771F71}"
EndProject
Project("{FAE04EC0-301F-11D3-BF4B-00C04F79EFBC}") = "zkfpPrototype", "zkfpPrototype\zkfpPrototype.csproj", "{5FFA19D7-EFAF-4EDD-AD43-F28F545A4197}"
EndProject
Project("{9A19103F-16F7-4668-BE54-9A1E7A4F7556}") = "ConsoleApp1", "ConsoleApp1\ConsoleApp1.csproj", "{E27A9019-FBC5-4FD4-9DFE-A580A713474B}"
EndProject
Global
	GlobalSection(SolutionConfigurationPlatforms) = preSolution
		ASYNC|Any CPU = ASYNC|Any CPU
		ASYNC|x64 = ASYNC|x64
		ASYNC|x86 = ASYNC|x86
		Debug|Any CPU = Debug|Any CPU
		Debug|x64 = Debug|x64
		Debug|x86 = Debug|x86
		GOLD|Any CPU = GOLD|Any CPU
		GOLD|x64 = GOLD|x64
		GOLD|x86 = GOLD|x86
		Release|Any CPU = Release|Any CPU
		Release|x64 = Release|x64
		Release|x86 = Release|x86
		STD_IMAGE|Any CPU = STD_IMAGE|Any CPU
		STD_IMAGE|x64 = STD_IMAGE|x64
		STD_IMAGE|x86 = STD_IMAGE|x86
		TRAIL_ASYNC|Any CPU = TRAIL_ASYNC|Any CPU
		TRAIL_ASYNC|x64 = TRAIL_ASYNC|x64
		TRAIL_ASYNC|x86 = TRAIL_ASYNC|x86
		TRAIL|Any CPU = TRAIL|Any CPU
		TRAIL|x64 = TRAIL|x64
		TRAIL|x86 = TRAIL|x86
	EndGlobalSection
	GlobalSection(ProjectConfigurationPlatforms) = postSolution
		{14DDA0A2-FB4A-41DD-8636-CFB861F2ABCE}.ASYNC|Any CPU.ActiveCfg = Release|Any CPU
		{14DDA0A2-FB4A-41DD-8636-CFB861F2ABCE}.ASYNC|Any CPU.Build.0 = Release|Any CPU
		{14DDA0A2-FB4A-41DD-8636-CFB861F2ABCE}.ASYNC|x64.ActiveCfg = Release|Any CPU
		{14DDA0A2-FB4A-41DD-8636-CFB861F2ABCE}.ASYNC|x64.Build.0 = Release|Any CPU
		{14DDA0A2-FB4A-41DD-8636-CFB861F2ABCE}.ASYNC|x86.ActiveCfg = Release|Any CPU
		{14DDA0A2-FB4A-41DD-8636-CFB861F2ABCE}.ASYNC|x86.Build.0 = Release|Any CPU
		{14DDA0A2-FB4A-41DD-8636-CFB861F2ABCE}.Debug|Any CPU.ActiveCfg = Debug|Any CPU
		{14DDA0A2-FB4A-41DD-8636-CFB861F2ABCE}.Debug|Any CPU.Build.0 = Debug|Any CPU
		{14DDA0A2-FB4A-41DD-8636-CFB861F2ABCE}.Debug|x64.ActiveCfg = Debug|Any CPU
		{14DDA0A2-FB4A-41DD-8636-CFB861F2ABCE}.Debug|x64.Build.0 = Debug|Any CPU
		{14DDA0A2-FB4A-41DD-8636-CFB861F2ABCE}.Debug|x86.ActiveCfg = Debug|Any CPU
		{14DDA0A2-FB4A-41DD-8636-CFB861F2ABCE}.Debug|x86.Build.0 = Debug|Any CPU
		{14DDA0A2-FB4A-41DD-8636-CFB861F2ABCE}.GOLD|Any CPU.ActiveCfg = Release|Any CPU
		{14DDA0A2-FB4A-41DD-8636-CFB861F2ABCE}.GOLD|Any CPU.Build.0 = Release|Any CPU
		{14DDA0A2-FB4A-41DD-8636-CFB861F2ABCE}.GOLD|x64.ActiveCfg = Release|Any CPU
		{14DDA0A2-FB4A-41DD-8636-CFB861F2ABCE}.GOLD|x64.Build.0 = Release|Any CPU
		{14DDA0A2-FB4A-41DD-8636-CFB861F2ABCE}.GOLD|x86.ActiveCfg = Release|Any CPU
		{14DDA0A2-FB4A-41DD-8636-CFB861F2ABCE}.GOLD|x86.Build.0 = Release|Any CPU
		{14DDA0A2-FB4A-41DD-8636-CFB861F2ABCE}.Release|Any CPU.ActiveCfg = Release|Any CPU
		{14DDA0A2-FB4A-41DD-8636-CFB861F2ABCE}.Release|Any CPU.Build.0 = Release|Any CPU
		{14DDA0A2-FB4A-41DD-8636-CFB861F2ABCE}.Release|x64.ActiveCfg = Release|Any CPU
		{14DDA0A2-FB4A-41DD-8636-CFB861F2ABCE}.Release|x64.Build.0 = Release|Any CPU
		{14DDA0A2-FB4A-41DD-8636-CFB861F2ABCE}.Release|x86.ActiveCfg = Release|Any CPU
		{14DDA0A2-FB4A-41DD-8636-CFB861F2ABCE}.Release|x86.Build.0 = Release|Any CPU
		{14DDA0A2-FB4A-41DD-8636-CFB861F2ABCE}.STD_IMAGE|Any CPU.ActiveCfg = Release|Any CPU
		{14DDA0A2-FB4A-41DD-8636-CFB861F2ABCE}.STD_IMAGE|Any CPU.Build.0 = Release|Any CPU
		{14DDA0A2-FB4A-41DD-8636-CFB861F2ABCE}.STD_IMAGE|x64.ActiveCfg = Release|Any CPU
		{14DDA0A2-FB4A-41DD-8636-CFB861F2ABCE}.STD_IMAGE|x64.Build.0 = Release|Any CPU
		{14DDA0A2-FB4A-41DD-8636-CFB861F2ABCE}.STD_IMAGE|x86.ActiveCfg = Release|Any CPU
		{14DDA0A2-FB4A-41DD-8636-CFB861F2ABCE}.STD_IMAGE|x86.Build.0 = Release|Any CPU
		{14DDA0A2-FB4A-41DD-8636-CFB861F2ABCE}.TRAIL_ASYNC|Any CPU.ActiveCfg = Release|Any CPU
		{14DDA0A2-FB4A-41DD-8636-CFB861F2ABCE}.TRAIL_ASYNC|Any CPU.Build.0 = Release|Any CPU
		{14DDA0A2-FB4A-41DD-8636-CFB861F2ABCE}.TRAIL_ASYNC|x64.ActiveCfg = Release|Any CPU
		{14DDA0A2-FB4A-41DD-8636-CFB861F2ABCE}.TRAIL_ASYNC|x64.Build.0 = Release|Any CPU
		{14DDA0A2-FB4A-41DD-8636-CFB861F2ABCE}.TRAIL_ASYNC|x86.ActiveCfg = Release|Any CPU
		{14DDA0A2-FB4A-41DD-8636-CFB861F2ABCE}.TRAIL_ASYNC|x86.Build.0 = Release|Any CPU
		{14DDA0A2-FB4A-41DD-8636-CFB861F2ABCE}.TRAIL|Any CPU.ActiveCfg = Release|Any CPU
		{14DDA0A2-FB4A-41DD-8636-CFB861F2ABCE}.TRAIL|Any CPU.Build.0 = Release|Any CPU
		{14DDA0A2-FB4A-41DD-8636-CFB861F2ABCE}.TRAIL|x64.ActiveCfg = Release|Any CPU
		{14DDA0A2-FB4A-41DD-8636-CFB861F2ABCE}.TRAIL|x64.Build.0 = Release|Any CPU
		{14DDA0A2-FB4A-41DD-8636-CFB861F2ABCE}.TRAIL|x86.ActiveCfg = Release|Any CPU
		{14DDA0A2-FB4A-41DD-8636-CFB861F2ABCE}.TRAIL|x86.Build.0 = Release|Any CPU
		{8289D5D0-D505-4B81-B6B9-D57D05771F71}.ASYNC|Any CPU.ActiveCfg = Debug|Any CPU
		{8289D5D0-D505-4B81-B6B9-D57D05771F71}.ASYNC|Any CPU.Build.0 = Debug|Any CPU
		{8289D5D0-D505-4B81-B6B9-D57D05771F71}.ASYNC|x64.ActiveCfg = Debug|Any CPU
		{8289D5D0-D505-4B81-B6B9-D57D05771F71}.ASYNC|x64.Build.0 = Debug|Any CPU
		{8289D5D0-D505-4B81-B6B9-D57D05771F71}.ASYNC|x86.ActiveCfg = Debug|Any CPU
		{8289D5D0-D505-4B81-B6B9-D57D05771F71}.ASYNC|x86.Build.0 = Debug|Any CPU
		{8289D5D0-D505-4B81-B6B9-D57D05771F71}.Debug|Any CPU.ActiveCfg = Debug|Any CPU
		{8289D5D0-D505-4B81-B6B9-D57D05771F71}.Debug|Any CPU.Build.0 = Debug|Any CPU
		{8289D5D0-D505-4B81-B6B9-D57D05771F71}.Debug|x64.ActiveCfg = Debug|Any CPU
		{8289D5D0-D505-4B81-B6B9-D57D05771F71}.Debug|x64.Build.0 = Debug|Any CPU
		{8289D5D0-D505-4B81-B6B9-D57D05771F71}.Debug|x86.ActiveCfg = Debug|Any CPU
		{8289D5D0-D505-4B81-B6B9-D57D05771F71}.Debug|x86.Build.0 = Debug|Any CPU
		{8289D5D0-D505-4B81-B6B9-D57D05771F71}.GOLD|Any CPU.ActiveCfg = Debug|Any CPU
		{8289D5D0-D505-4B81-B6B9-D57D05771F71}.GOLD|Any CPU.Build.0 = Debug|Any CPU
		{8289D5D0-D505-4B81-B6B9-D57D05771F71}.GOLD|x64.ActiveCfg = Debug|Any CPU
		{8289D5D0-D505-4B81-B6B9-D57D05771F71}.GOLD|x64.Build.0 = Debug|Any CPU
		{8289D5D0-D505-4B81-B6B9-D57D05771F71}.GOLD|x86.ActiveCfg = Debug|Any CPU
		{8289D5D0-D505-4B81-B6B9-D57D05771F71}.GOLD|x86.Build.0 = Debug|Any CPU
		{8289D5D0-D505-4B81-B6B9-D57D05771F71}.Release|Any CPU.ActiveCfg = Release|Any CPU
		{8289D5D0-D505-4B81-B6B9-D57D05771F71}.Release|Any CPU.Build.0 = Release|Any CPU
		{8289D5D0-D505-4B81-B6B9-D57D05771F71}.Release|x64.ActiveCfg = Release|Any CPU
		{8289D5D0-D505-4B81-B6B9-D57D05771F71}.Release|x64.Build.0 = Release|Any CPU
		{8289D5D0-D505-4B81-B6B9-D57D05771F71}.Release|x86.ActiveCfg = Release|Any CPU
		{8289D5D0-D505-4B81-B6B9-D57D05771F71}.Release|x86.Build.0 = Release|Any CPU
		{8289D5D0-D505-4B81-B6B9-D57D05771F71}.STD_IMAGE|Any CPU.ActiveCfg = Debug|Any CPU
		{8289D5D0-D505-4B81-B6B9-D57D05771F71}.STD_IMAGE|Any CPU.Build.0 = Debug|Any CPU
		{8289D5D0-D505-4B81-B6B9-D57D05771F71}.STD_IMAGE|x64.ActiveCfg = Debug|Any CPU
		{8289D5D0-D505-4B81-B6B9-D57D05771F71}.STD_IMAGE|x64.Build.0 = Debug|Any CPU
		{8289D5D0-D505-4B81-B6B9-D57D05771F71}.STD_IMAGE|x86.ActiveCfg = Debug|Any CPU
		{8289D5D0-D505-4B81-B6B9-D57D05771F71}.STD_IMAGE|x86.Build.0 = Debug|Any CPU
		{8289D5D0-D505-4B81-B6B9-D57D05771F71}.TRAIL_ASYNC|Any CPU.ActiveCfg = Debug|Any CPU
		{8289D5D0-D505-4B81-B6B9-D57D05771F71}.TRAIL_ASYNC|Any CPU.Build.0 = Debug|Any CPU
		{8289D5D0-D505-4B81-B6B9-D57D05771F71}.TRAIL_ASYNC|x64.ActiveCfg = Debug|Any CPU
		{8289D5D0-D505-4B81-B6B9-D57D05771F71}.TRAIL_ASYNC|x64.Build.0 = Debug|Any CPU
		{8289D5D0-D505-4B81-B6B9-D57D05771F71}.TRAIL_ASYNC|x86.ActiveCfg = Debug|Any CPU
		{8289D5D0-D505-4B81-B6B9-D57D05771F71}.TRAIL_ASYNC|x86.Build.0 = Debug|Any CPU
		{8289D5D0-D505-4B81-B6B9-D57D05771F71}.TRAIL|Any CPU.ActiveCfg = Debug|Any CPU
		{8289D5D0-D505-4B81-B6B9-D57D05771F71}.TRAIL|Any CPU.Build.0 = Debug|Any CPU
		{8289D5D0-D505-4B81-B6B9-D57D05771F71}.TRAIL|x64.ActiveCfg = Debug|Any CPU
		{8289D5D0-D505-4B81-B6B9-D57D05771F71}.TRAIL|x64.Build.0 = Debug|Any CPU
		{8289D5D0-D505-4B81-B6B9-D57D05771F71}.TRAIL|x86.ActiveCfg = Debug|Any CPU
		{8289D5D0-D505-4B81-B6B9-D57D05771F71}.TRAIL|x86.Build.0 = Debug|Any CPU
		{5FFA19D7-EFAF-4EDD-AD43-F28F545A4197}.ASYNC|Any CPU.ActiveCfg = Debug|Any CPU
		{5FFA19D7-EFAF-4EDD-AD43-F28F545A4197}.ASYNC|Any CPU.Build.0 = Debug|Any CPU
		{5FFA19D7-EFAF-4EDD-AD43-F28F545A4197}.ASYNC|x64.ActiveCfg = Debug|Any CPU
		{5FFA19D7-EFAF-4EDD-AD43-F28F545A4197}.ASYNC|x64.Build.0 = Debug|Any CPU
		{5FFA19D7-EFAF-4EDD-AD43-F28F545A4197}.ASYNC|x86.ActiveCfg = Debug|Any CPU
		{5FFA19D7-EFAF-4EDD-AD43-F28F545A4197}.ASYNC|x86.Build.0 = Debug|Any CPU
		{5FFA19D7-EFAF-4EDD-AD43-F28F545A4197}.Debug|Any CPU.ActiveCfg = Debug|Any CPU
		{5FFA19D7-EFAF-4EDD-AD43-F28F545A4197}.Debug|Any CPU.Build.0 = Debug|Any CPU
		{5FFA19D7-EFAF-4EDD-AD43-F28F545A4197}.Debug|x64.ActiveCfg = Debug|Any CPU
		{5FFA19D7-EFAF-4EDD-AD43-F28F545A4197}.Debug|x64.Build.0 = Debug|Any CPU
		{5FFA19D7-EFAF-4EDD-AD43-F28F545A4197}.Debug|x86.ActiveCfg = Debug|Any CPU
		{5FFA19D7-EFAF-4EDD-AD43-F28F545A4197}.Debug|x86.Build.0 = Debug|Any CPU
		{5FFA19D7-EFAF-4EDD-AD43-F28F545A4197}.GOLD|Any CPU.ActiveCfg = Debug|Any CPU
		{5FFA19D7-EFAF-4EDD-AD43-F28F545A4197}.GOLD|Any CPU.Build.0 = Debug|Any CPU
		{5FFA19D7-EFAF-4EDD-AD43-F28F545A4197}.GOLD|x64.ActiveCfg = Debug|Any CPU
		{5FFA19D7-EFAF-4EDD-AD43-F28F545A4197}.GOLD|x64.Build.0 = Debug|Any CPU
		{5FFA19D7-EFAF-4EDD-AD43-F28F545A4197}.GOLD|x86.ActiveCfg = Debug|Any CPU
		{5FFA19D7-EFAF-4EDD-AD43-F28F545A4197}.GOLD|x86.Build.0 = Debug|Any CPU
		{5FFA19D7-EFAF-4EDD-AD43-F28F545A4197}.Release|Any CPU.ActiveCfg = Release|Any CPU
		{5FFA19D7-EFAF-4EDD-AD43-F28F545A4197}.Release|Any CPU.Build.0 = Release|Any CPU
		{5FFA19D7-EFAF-4EDD-AD43-F28F545A4197}.Release|x64.ActiveCfg = Release|Any CPU
		{5FFA19D7-EFAF-4EDD-AD43-F28F545A4197}.Release|x64.Build.0 = Release|Any CPU
		{5FFA19D7-EFAF-4EDD-AD43-F28F545A4197}.Release|x86.ActiveCfg = Release|Any CPU
		{5FFA19D7-EFAF-4EDD-AD43-F28F545A4197}.Release|x86.Build.0 = Release|Any CPU
		{5FFA19D7-EFAF-4EDD-AD43-F28F545A4197}.STD_IMAGE|Any CPU.ActiveCfg = Debug|Any CPU
		{5FFA19D7-EFAF-4EDD-AD43-F28F545A4197}.STD_IMAGE|Any CPU.Build.0 = Debug|Any CPU
		{5FFA19D7-EFAF-4EDD-AD43-F28F545A4197}.STD_IMAGE|x64.ActiveCfg = Debug|Any CPU
		{5FFA19D7-EFAF-4EDD-AD43-F28F545A4197}.STD_IMAGE|x64.Build.0 = Debug|Any CPU
		{5FFA19D7-EFAF-4EDD-AD43-F28F545A4197}.STD_IMAGE|x86.ActiveCfg = Debug|Any CPU
		{5FFA19D7-EFAF-4EDD-AD43-F28F545A4197}.STD_IMAGE|x86.Build.0 = Debug|Any CPU
		{5FFA19D7-EFAF-4EDD-AD43-F28F545A4197}.TRAIL_ASYNC|Any CPU.ActiveCfg = Debug|Any CPU
		{5FFA19D7-EFAF-4EDD-AD43-F28F545A4197}.TRAIL_ASYNC|Any CPU.Build.0 = Debug|Any CPU
		{5FFA19D7-EFAF-4EDD-AD43-F28F545A4197}.TRAIL_ASYNC|x64.ActiveCfg = Debug|Any CPU
		{5FFA19D7-EFAF-4EDD-AD43-F28F545A4197}.TRAIL_ASYNC|x64.Build.0 = Debug|Any CPU
		{5FFA19D7-EFAF-4EDD-AD43-F28F545A4197}.TRAIL_ASYNC|x86.ActiveCfg = Debug|Any CPU
		{5FFA19D7-EFAF-4EDD-AD43-F28F545A4197}.TRAIL_ASYNC|x86.Build.0 = Debug|Any CPU
		{5FFA19D7-EFAF-4EDD-AD43-F28F545A4197}.TRAIL|Any CPU.ActiveCfg = Debug|Any CPU
		{5FFA19D7-EFAF-4EDD-AD43-F28F545A4197}.TRAIL|Any CPU.Build.0 = Debug|Any CPU
		{5FFA19D7-EFAF-4EDD-AD43-F28F545A4197}.TRAIL|x64.ActiveCfg = Debug|Any CPU
		{5FFA19D7-EFAF-4EDD-AD43-F28F545A4197}.TRAIL|x64.Build.0 = Debug|Any CPU
		{5FFA19D7-EFAF-4EDD-AD43-F28F545A4197}.TRAIL|x86.ActiveCfg = Debug|Any CPU
		{5FFA19D7-EFAF-4EDD-AD43-F28F545A4197}.TRAIL|x86.Build.0 = Debug|Any CPU
		{E27A9019-FBC5-4FD4-9DFE-A580A713474B}.ASYNC|Any CPU.ActiveCfg = Debug|Any CPU
		{E27A9019-FBC5-4FD4-9DFE-A580A713474B}.ASYNC|Any CPU.Build.0 = Debug|Any CPU
		{E27A9019-FBC5-4FD4-9DFE-A580A713474B}.ASYNC|x64.ActiveCfg = Debug|Any CPU
		{E27A9019-FBC5-4FD4-9DFE-A580A713474B}.ASYNC|x64.Build.0 = Debug|Any CPU
		{E27A9019-FBC5-4FD4-9DFE-A580A713474B}.ASYNC|x86.ActiveCfg = Debug|Any CPU
		{E27A9019-FBC5-4FD4-9DFE-A580A713474B}.ASYNC|x86.Build.0 = Debug|Any CPU
		{E27A9019-FBC5-4FD4-9DFE-A580A713474B}.Debug|Any CPU.ActiveCfg = Debug|Any CPU
		{E27A9019-FBC5-4FD4-9DFE-A580A713474B}.Debug|Any CPU.Build.0 = Debug|Any CPU
		{E27A9019-FBC5-4FD4-9DFE-A580A713474B}.Debug|x64.ActiveCfg = Debug|Any CPU
		{E27A9019-FBC5-4FD4-9DFE-A580A713474B}.Debug|x64.Build.0 = Debug|Any CPU
		{E27A9019-FBC5-4FD4-9DFE-A580A713474B}.Debug|x86.ActiveCfg = Debug|Any CPU
		{E27A9019-FBC5-4FD4-9DFE-A580A713474B}.Debug|x86.Build.0 = Debug|Any CPU
		{E27A9019-FBC5-4FD4-9DFE-A580A713474B}.GOLD|Any CPU.ActiveCfg = Debug|Any CPU
		{E27A9019-FBC5-4FD4-9DFE-A580A713474B}.GOLD|Any CPU.Build.0 = Debug|Any CPU
		{E27A9019-FBC5-4FD4-9DFE-A580A713474B}.GOLD|x64.ActiveCfg = Debug|Any CPU
		{E27A9019-FBC5-4FD4-9DFE-A580A713474B}.GOLD|x64.Build.0 = Debug|Any CPU
		{E27A9019-FBC5-4FD4-9DFE-A580A713474B}.GOLD|x86.ActiveCfg = Debug|Any CPU
		{E27A9019-FBC5-4FD4-9DFE-A580A713474B}.GOLD|x86.Build.0 = Debug|Any CPU
		{E27A9019-FBC5-4FD4-9DFE-A580A713474B}.Release|Any CPU.ActiveCfg = Release|Any CPU
		{E27A9019-FBC5-4FD4-9DFE-A580A713474B}.Release|Any CPU.Build.0 = Release|Any CPU
		{E27A9019-FBC5-4FD4-9DFE-A580A713474B}.Release|x64.ActiveCfg = Release|Any CPU
		{E27A9019-FBC5-4FD4-9DFE-A580A713474B}.Release|x64.Build.0 = Release|Any CPU
		{E27A9019-FBC5-4FD4-9DFE-A580A713474B}.Release|x86.ActiveCfg = Release|Any CPU
		{E27A9019-FBC5-4FD4-9DFE-A580A713474B}.Release|x86.Build.0 = Release|Any CPU
		{E27A9019-FBC5-4FD4-9DFE-A580A713474B}.STD_IMAGE|Any CPU.ActiveCfg = Debug|Any CPU
		{E27A9019-FBC5-4FD4-9DFE-A580A713474B}.STD_IMAGE|Any CPU.Build.0 = Debug|Any CPU
		{E27A9019-FBC5-4FD4-9DFE-A580A713474B}.STD_IMAGE|x64.ActiveCfg = Debug|Any CPU
		{E27A9019-FBC5-4FD4-9DFE-A580A713474B}.STD_IMAGE|x64.Build.0 = Debug|Any CPU
		{E27A9019-FBC5-4FD4-9DFE-A580A713474B}.STD_IMAGE|x86.ActiveCfg = Debug|Any CPU
		{E27A9019-FBC5-4FD4-9DFE-A580A713474B}.STD_IMAGE|x86.Build.0 = Debug|Any CPU
		{E27A9019-FBC5-4FD4-9DFE-A580A713474B}.TRAIL_ASYNC|Any CPU.ActiveCfg = Debug|Any CPU
		{E27A9019-FBC5-4FD4-9DFE-A580A713474B}.TRAIL_ASYNC|Any CPU.Build.0 = Debug|Any CPU
		{E27A9019-FBC5-4FD4-9DFE-A580A713474B}.TRAIL_ASYNC|x64.ActiveCfg = Debug|Any CPU
		{E27A9019-FBC5-4FD4-9DFE-A580A713474B}.TRAIL_ASYNC|x64.Build.0 = Debug|Any CPU
		{E27A9019-FBC5-4FD4-9DFE-A580A713474B}.TRAIL_ASYNC|x86.ActiveCfg = Debug|Any CPU
		{E27A9019-FBC5-4FD4-9DFE-A580A713474B}.TRAIL_ASYNC|x86.Build.0 = Debug|Any CPU
		{E27A9019-FBC5-4FD4-9DFE-A580A713474B}.TRAIL|Any CPU.ActiveCfg = Debug|Any CPU
		{E27A9019-FBC5-4FD4-9DFE-A580A713474B}.TRAIL|Any CPU.Build.0 = Debug|Any CPU
		{E27A9019-FBC5-4FD4-9DFE-A580A713474B}.TRAIL|x64.ActiveCfg = Debug|Any CPU
		{E27A9019-FBC5-4FD4-9DFE-A580A713474B}.TRAIL|x64.Build.0 = Debug|Any CPU
		{E27A9019-FBC5-4FD4-9DFE-A580A713474B}.TRAIL|x86.ActiveCfg = Debug|Any CPU
		{E27A9019-FBC5-4FD4-9DFE-A580A713474B}.TRAIL|x86.Build.0 = Debug|Any CPU
	EndGlobalSection
	GlobalSection(SolutionProperties) = preSolution
		HideSolutionNode = FALSE
	EndGlobalSection
	GlobalSection(ExtensibilityGlobals) = postSolution
		SolutionGuid = {38BFA537-63D8-438A-8B2D-51314416C1A2}
	EndGlobalSection
EndGlobal
